{
  "originHash" : "2c77db14ad180447f119b1ebf3948af8a8cba6ac2c30a8dd00a61a907459cde0",
  "pins" : [
    {
      "identity" : "wworderedset",
      "kind" : "remoteSourceControl",
      "location" : "https://github.com/William-Weng/WWOrderedSet",
      "state" : {
        "revision" : "66bfe2ce0fcd2a7834d6ecdd3e54ccc9b574403e",
        "version" : "1.0.1"
      }
    }
  ],
  "version" : 3
}
